
Microsoft Visual Studio Solution File, Format Version 12.00
# Visual Studio 15
VisualStudioVersion = 15.0.28010.2003
MinimumVisualStudioVersion = 10.0.40219.1
Project("{FAE04EC0-301F-11D3-BF4B-00C04F79EFBC}") = "E-Commerce.Inventory.ConsoleApp", "E-Commerce.Inventory.ConsoleApp\E-Commerce.Inventory.ConsoleApp.csproj", "{858D8225-ECCD-49FC-B0E1-7D9CFD29E839}"
EndProject
Project("{9A19103F-16F7-4668-BE54-9A1E7A4F7556}") = "E-Commerce.Entities", "E-Commerce.Entities\E-Commerce.Entities.csproj", "{D823F042-7FD4-43B2-960E-78F46B9C877F}"
EndProject
Project("{9A19103F-16F7-4668-BE54-9A1E7A4F7556}") = "E-Commerce.Inventory.Manager", "E-Commerce.Inventory.Manager\E-Commerce.Inventory.Manager.csproj", "{54FC42DA-C364-47C1-8ABF-C18E502C2500}"
EndProject
Project("{9A19103F-16F7-4668-BE54-9A1E7A4F7556}") = "E-Commerce.Inventory.Manager.IntegrationTest", "E-Commerce.Inventory.Manager.IntegrationTest\E-Commerce.Inventory.Manager.IntegrationTest.csproj", "{CF38851F-19A7-4DA9-852F-8B033B6AAB5D}"
EndProject
Project("{FAE04EC0-301F-11D3-BF4B-00C04F79EFBC}") = "E-Commerce.Inventory.Function", "E-Commerce.Inventory.Function\E-Commerce.Inventory.Function.csproj", "{C8AD50F3-7879-4CA9-8A55-5F109056FCE0}"
EndProject
Global
	GlobalSection(SolutionConfigurationPlatforms) = preSolution
		Debug|Any CPU = Debug|Any CPU
		Release|Any CPU = Release|Any CPU
	EndGlobalSection
	GlobalSection(ProjectConfigurationPlatforms) = postSolution
		{858D8225-ECCD-49FC-B0E1-7D9CFD29E839}.Debug|Any CPU.ActiveCfg = Debug|Any CPU
		{858D8225-ECCD-49FC-B0E1-7D9CFD29E839}.Debug|Any CPU.Build.0 = Debug|Any CPU
		{858D8225-ECCD-49FC-B0E1-7D9CFD29E839}.Release|Any CPU.ActiveCfg = Release|Any CPU
		{858D8225-ECCD-49FC-B0E1-7D9CFD29E839}.Release|Any CPU.Build.0 = Release|Any CPU
		{D823F042-7FD4-43B2-960E-78F46B9C877F}.Debug|Any CPU.ActiveCfg = Debug|Any CPU
		{D823F042-7FD4-43B2-960E-78F46B9C877F}.Debug|Any CPU.Build.0 = Debug|Any CPU
		{D823F042-7FD4-43B2-960E-78F46B9C877F}.Release|Any CPU.ActiveCfg = Release|Any CPU
		{D823F042-7FD4-43B2-960E-78F46B9C877F}.Release|Any CPU.Build.0 = Release|Any CPU
		{54FC42DA-C364-47C1-8ABF-C18E502C2500}.Debug|Any CPU.ActiveCfg = Debug|Any CPU
		{54FC42DA-C364-47C1-8ABF-C18E502C2500}.Debug|Any CPU.Build.0 = Debug|Any CPU
		{54FC42DA-C364-47C1-8ABF-C18E502C2500}.Release|Any CPU.ActiveCfg = Release|Any CPU
		{54FC42DA-C364-47C1-8ABF-C18E502C2500}.Release|Any CPU.Build.0 = Release|Any CPU
		{CF38851F-19A7-4DA9-852F-8B033B6AAB5D}.Debug|Any CPU.ActiveCfg = Debug|Any CPU
		{CF38851F-19A7-4DA9-852F-8B033B6AAB5D}.Debug|Any CPU.Build.0 = Debug|Any CPU
		{CF38851F-19A7-4DA9-852F-8B033B6AAB5D}.Release|Any CPU.ActiveCfg = Release|Any CPU
		{CF38851F-19A7-4DA9-852F-8B033B6AAB5D}.Release|Any CPU.Build.0 = Release|Any CPU
		{C8AD50F3-7879-4CA9-8A55-5F109056FCE0}.Debug|Any CPU.ActiveCfg = Debug|Any CPU
		{C8AD50F3-7879-4CA9-8A55-5F109056FCE0}.Debug|Any CPU.Build.0 = Debug|Any CPU
		{C8AD50F3-7879-4CA9-8A55-5F109056FCE0}.Release|Any CPU.ActiveCfg = Release|Any CPU
		{C8AD50F3-7879-4CA9-8A55-5F109056FCE0}.Release|Any CPU.Build.0 = Release|Any CPU
	EndGlobalSection
	GlobalSection(SolutionProperties) = preSolution
		HideSolutionNode = FALSE
	EndGlobalSection
	GlobalSection(ExtensibilityGlobals) = postSolution
		SolutionGuid = {8157051E-5E25-4CAA-A9CF-707C25453F30}
	EndGlobalSection
EndGlobal
